%{"con_cache": {:hex, :con_cache, "0.6.1"},
  "cowboy": {:hex, :cowboy, "1.0.0"},
  "cowlib": {:hex, :cowlib, "1.0.1"},
  "exactor": {:hex, :exactor, "1.0.0"},
  "httpotion": {:hex, :httpotion, "0.2.4"},
  "ibrowse": {:git, "git://github.com/cmullaparthi/ibrowse.git", "d2e369ff42666c3574b8b7ec26f69027895c4d94", [tag: "v4.1.1"]},
  "phoenix": {:hex, :phoenix, "0.11.0"},
  "plug": {:hex, :plug, "0.11.3"},
  "poison": {:hex, :poison, "1.4.0"},
  "ranch": {:hex, :ranch, "1.0.0"},
  "timex": {:hex, :timex, "0.13.4"}}
