%{"combine": {:hex, :combine, "0.5.3"},
  "con_cache": {:hex, :con_cache, "0.8.1"},
  "cowboy": {:hex, :cowboy, "1.0.2"},
  "cowlib": {:hex, :cowlib, "1.0.1"},
  "exactor": {:hex, :exactor, "2.1.2"},
  "hackney": {:hex, :hackney, "1.3.2"},
  "httpotion": {:hex, :httpotion, "0.2.4"},
  "ibrowse": {:git, "https://github.com/cmullaparthi/ibrowse.git", "ea3305d21f37eced4fac290f64b068e56df7de80", [tag: "v4.1.2"]},
  "idna": {:hex, :idna, "1.0.2"},
  "phoenix": {:hex, :phoenix, "1.0.0"},
  "phoenix_html": {:hex, :phoenix_html, "2.1.2"},
  "plug": {:hex, :plug, "1.0.0"},
  "plug_canonical_host": {:hex, :plug_canonical_host, "0.2.1"},
  "poison": {:hex, :poison, "1.5.0"},
  "ranch": {:hex, :ranch, "1.1.0"},
  "ssl_verify_hostname": {:hex, :ssl_verify_hostname, "1.0.5"},
  "timex": {:hex, :timex, "0.19.5"},
  "tzdata": {:hex, :tzdata, "0.5.4"}}
